
Microsoft Visual Studio Solution File, Format Version 12.00
# Visual Studio Version 17
VisualStudioVersion = 17.4.32912.340
MinimumVisualStudioVersion = 10.0.40219.1
Project("{FAE04EC0-301F-11D3-BF4B-00C04F79EFBC}") = "EaasyGlobalization", "EaasyGlobalization\EaasyGlobalization.csproj", "{DADEE523-63B7-4EE6-A89F-46DE093A7972}"
EndProject
Global
	GlobalSection(SolutionConfigurationPlatforms) = preSolution
		Debug|Any CPU = Debug|Any CPU
		Release|Any CPU = Release|Any CPU
	EndGlobalSection
	GlobalSection(ProjectConfigurationPlatforms) = postSolution
		{DADEE523-63B7-4EE6-A89F-46DE093A7972}.Debug|Any CPU.ActiveCfg = Debug|Any CPU
		{DADEE523-63B7-4EE6-A89F-46DE093A7972}.Debug|Any CPU.Build.0 = Debug|Any CPU
		{DADEE523-63B7-4EE6-A89F-46DE093A7972}.Release|Any CPU.ActiveCfg = Release|Any CPU
		{DADEE523-63B7-4EE6-A89F-46DE093A7972}.Release|Any CPU.Build.0 = Release|Any CPU
	EndGlobalSection
	GlobalSection(SolutionProperties) = preSolution
		HideSolutionNode = FALSE
	EndGlobalSection
	GlobalSection(ExtensibilityGlobals) = postSolution
		SolutionGuid = {24E57C6F-A86A-4AAA-BFDD-8F4D8E3569B5}
	EndGlobalSection
EndGlobal
